{
  "name": "anischedule",
  "version": "1.2.0",
  "lockfileVersion": 3,
  "requires": true,
  "packages": {
    "": {
      "name": "anischedule",
      "version": "1.2.0",
      "license": "GPL-3.0-only",
      "dependencies": {
        "bottleneck": "^2.19.5"
      },
      "engines": {
        "node": ">=24"
      }
    },
    "node_modules/bottleneck": {
      "version": "2.19.5",
      "license": "MIT"
    }
  }
}
